
Microsoft Visual Studio Solution File, Format Version 12.00
# Visual Studio Version 17
VisualStudioVersion = 17.0.31903.59
MinimumVisualStudioVersion = 10.0.40219.1
Project("{2150E333-8FDC-42A3-9474-1A3956D46DE8}") = "src", "src", "{4CC62317-F32C-433F-95FD-BB27229BE313}"
EndProject
Project("{FAE04EC0-301F-11D3-BF4B-00C04F79EFBC}") = "Zoe.Domain", "src\Zoe.Domain\Zoe.Domain.csproj", "{E3A99C2A-ABD7-46D1-BBDD-69DE5F564BD2}"
EndProject
Project("{FAE04EC0-301F-11D3-BF4B-00C04F79EFBC}") = "Zoe.Application", "src\Zoe.Application\Zoe.Application.csproj", "{B385531B-69E5-4B13-A7E0-0E2B7F45535F}"
EndProject
Project("{FAE04EC0-301F-11D3-BF4B-00C04F79EFBC}") = "Zoe.Infrastructure", "src\Zoe.Infrastructure\Zoe.Infrastructure.csproj", "{DE6E4F32-F06A-4094-8373-E6CB06150FA1}"
EndProject
Project("{2150E333-8FDC-42A3-9474-1A3956D46DE8}") = "tests", "tests", "{86D210E5-146D-4D3B-B600-08DBACC43F46}"
EndProject
Project("{FAE04EC0-301F-11D3-BF4B-00C04F79EFBC}") = "Zoe.Tests", "tests\Zoe.Tests\Zoe.Tests.csproj", "{B4253436-E763-4BA2-ABE6-FE5DC5901E41}"
EndProject
Project("{FAE04EC0-301F-11D3-BF4B-00C04F79EFBC}") = "Zoe.Host", "src\Zoe.Host\Zoe.Host.csproj", "{D013606D-B319-4B9A-BA10-B55BF23F00F3}"
EndProject
Project("{FAE04EC0-301F-11D3-BF4B-00C04F79EFBC}") = "Zoe.Windows", "src\Zoe.Windows\Zoe.Windows.csproj", "{8E4A468D-EADB-4CA1-8AD9-ADDFCC14ACDA}"
EndProject
Project("{FAE04EC0-301F-11D3-BF4B-00C04F79EFBC}") = "Zoe.AI", "src\Zoe.AI\Zoe.AI.csproj", "{AC025CC5-D28B-40ED-B01F-C4CC6A520E86}"
EndProject
Global
	GlobalSection(SolutionConfigurationPlatforms) = preSolution
		Debug|Any CPU = Debug|Any CPU
		Release|Any CPU = Release|Any CPU
	EndGlobalSection
	GlobalSection(SolutionProperties) = preSolution
		HideSolutionNode = FALSE
	EndGlobalSection
	GlobalSection(ProjectConfigurationPlatforms) = postSolution
		{E3A99C2A-ABD7-46D1-BBDD-69DE5F564BD2}.Debug|Any CPU.ActiveCfg = Debug|Any CPU
		{E3A99C2A-ABD7-46D1-BBDD-69DE5F564BD2}.Debug|Any CPU.Build.0 = Debug|Any CPU
		{E3A99C2A-ABD7-46D1-BBDD-69DE5F564BD2}.Release|Any CPU.ActiveCfg = Release|Any CPU
		{E3A99C2A-ABD7-46D1-BBDD-69DE5F564BD2}.Release|Any CPU.Build.0 = Release|Any CPU
		{B385531B-69E5-4B13-A7E0-0E2B7F45535F}.Debug|Any CPU.ActiveCfg = Debug|Any CPU
		{B385531B-69E5-4B13-A7E0-0E2B7F45535F}.Debug|Any CPU.Build.0 = Debug|Any CPU
		{B385531B-69E5-4B13-A7E0-0E2B7F45535F}.Release|Any CPU.ActiveCfg = Release|Any CPU
		{B385531B-69E5-4B13-A7E0-0E2B7F45535F}.Release|Any CPU.Build.0 = Release|Any CPU
		{DE6E4F32-F06A-4094-8373-E6CB06150FA1}.Debug|Any CPU.ActiveCfg = Debug|Any CPU
		{DE6E4F32-F06A-4094-8373-E6CB06150FA1}.Debug|Any CPU.Build.0 = Debug|Any CPU
		{DE6E4F32-F06A-4094-8373-E6CB06150FA1}.Release|Any CPU.ActiveCfg = Release|Any CPU
		{DE6E4F32-F06A-4094-8373-E6CB06150FA1}.Release|Any CPU.Build.0 = Release|Any CPU
		{B4253436-E763-4BA2-ABE6-FE5DC5901E41}.Debug|Any CPU.ActiveCfg = Debug|Any CPU
		{B4253436-E763-4BA2-ABE6-FE5DC5901E41}.Debug|Any CPU.Build.0 = Debug|Any CPU
		{B4253436-E763-4BA2-ABE6-FE5DC5901E41}.Release|Any CPU.ActiveCfg = Release|Any CPU
		{B4253436-E763-4BA2-ABE6-FE5DC5901E41}.Release|Any CPU.Build.0 = Release|Any CPU
		{D013606D-B319-4B9A-BA10-B55BF23F00F3}.Debug|Any CPU.ActiveCfg = Debug|Any CPU
		{D013606D-B319-4B9A-BA10-B55BF23F00F3}.Debug|Any CPU.Build.0 = Debug|Any CPU
		{D013606D-B319-4B9A-BA10-B55BF23F00F3}.Release|Any CPU.ActiveCfg = Release|Any CPU
		{D013606D-B319-4B9A-BA10-B55BF23F00F3}.Release|Any CPU.Build.0 = Release|Any CPU
		{8E4A468D-EADB-4CA1-8AD9-ADDFCC14ACDA}.Debug|Any CPU.ActiveCfg = Debug|Any CPU
		{8E4A468D-EADB-4CA1-8AD9-ADDFCC14ACDA}.Debug|Any CPU.Build.0 = Debug|Any CPU
		{8E4A468D-EADB-4CA1-8AD9-ADDFCC14ACDA}.Release|Any CPU.ActiveCfg = Release|Any CPU
		{8E4A468D-EADB-4CA1-8AD9-ADDFCC14ACDA}.Release|Any CPU.Build.0 = Release|Any CPU
		{AC025CC5-D28B-40ED-B01F-C4CC6A520E86}.Debug|Any CPU.ActiveCfg = Debug|Any CPU
		{AC025CC5-D28B-40ED-B01F-C4CC6A520E86}.Debug|Any CPU.Build.0 = Debug|Any CPU
		{AC025CC5-D28B-40ED-B01F-C4CC6A520E86}.Release|Any CPU.ActiveCfg = Release|Any CPU
		{AC025CC5-D28B-40ED-B01F-C4CC6A520E86}.Release|Any CPU.Build.0 = Release|Any CPU
	EndGlobalSection
	GlobalSection(NestedProjects) = preSolution
		{E3A99C2A-ABD7-46D1-BBDD-69DE5F564BD2} = {4CC62317-F32C-433F-95FD-BB27229BE313}
		{B385531B-69E5-4B13-A7E0-0E2B7F45535F} = {4CC62317-F32C-433F-95FD-BB27229BE313}
		{DE6E4F32-F06A-4094-8373-E6CB06150FA1} = {4CC62317-F32C-433F-95FD-BB27229BE313}
		{B4253436-E763-4BA2-ABE6-FE5DC5901E41} = {86D210E5-146D-4D3B-B600-08DBACC43F46}
		{D013606D-B319-4B9A-BA10-B55BF23F00F3} = {4CC62317-F32C-433F-95FD-BB27229BE313}
		{8E4A468D-EADB-4CA1-8AD9-ADDFCC14ACDA} = {4CC62317-F32C-433F-95FD-BB27229BE313}
		{AC025CC5-D28B-40ED-B01F-C4CC6A520E86} = {4CC62317-F32C-433F-95FD-BB27229BE313}
	EndGlobalSection
EndGlobal
